
Microsoft Visual Studio Solution File, Format Version 12.00
# Visual Studio Version 17
VisualStudioVersion = 17.6.33815.320
MinimumVisualStudioVersion = 10.0.40219.1
Project("{9A19103F-16F7-4668-BE54-9A1E7A4F7556}") = "ManagerUsersGroups.Repository", "ManagerUsersGroups.Repository\ManagerUsersGroups.Repository.csproj", "{DDA21E0E-DFDA-4038-B2CA-0C76AB9C2689}"
EndProject
Project("{9A19103F-16F7-4668-BE54-9A1E7A4F7556}") = "ManagerUsersGroups.WpfUI", "ManagerUsersGroups.WpfUI\ManagerUsersGroups.WpfUI.csproj", "{ECD3C434-4A79-4E02-BE35-3D08B0F49ED5}"
EndProject
Project("{9A19103F-16F7-4668-BE54-9A1E7A4F7556}") = "ManagerUsersGroups.Repository.AD", "ManagerUsersGroups.Repository.AD\ManagerUsersGroups.Repository.AD.csproj", "{646E03C9-E98B-46C7-AE97-C7B5F611ECF5}"
EndProject
Project("{2150E333-8FDC-42A3-9474-1A3956D46DE8}") = "Tests", "Tests", "{A70AB88B-8316-41C3-8636-320A4B39A5A6}"
EndProject
Project("{FAE04EC0-301F-11D3-BF4B-00C04F79EFBC}") = "ManagerUsersGroups.Tests", "ManagerUsersGroups.Tests\ManagerUsersGroups.Tests.csproj", "{898E5727-F910-456C-878B-23783DF089D7}"
EndProject
Global
	GlobalSection(SolutionConfigurationPlatforms) = preSolution
		Debug|Any CPU = Debug|Any CPU
		Release|Any CPU = Release|Any CPU
	EndGlobalSection
	GlobalSection(ProjectConfigurationPlatforms) = postSolution
		{DDA21E0E-DFDA-4038-B2CA-0C76AB9C2689}.Debug|Any CPU.ActiveCfg = Debug|Any CPU
		{DDA21E0E-DFDA-4038-B2CA-0C76AB9C2689}.Debug|Any CPU.Build.0 = Debug|Any CPU
		{DDA21E0E-DFDA-4038-B2CA-0C76AB9C2689}.Release|Any CPU.ActiveCfg = Release|Any CPU
		{DDA21E0E-DFDA-4038-B2CA-0C76AB9C2689}.Release|Any CPU.Build.0 = Release|Any CPU
		{ECD3C434-4A79-4E02-BE35-3D08B0F49ED5}.Debug|Any CPU.ActiveCfg = Debug|Any CPU
		{ECD3C434-4A79-4E02-BE35-3D08B0F49ED5}.Debug|Any CPU.Build.0 = Debug|Any CPU
		{ECD3C434-4A79-4E02-BE35-3D08B0F49ED5}.Release|Any CPU.ActiveCfg = Release|Any CPU
		{ECD3C434-4A79-4E02-BE35-3D08B0F49ED5}.Release|Any CPU.Build.0 = Release|Any CPU
		{646E03C9-E98B-46C7-AE97-C7B5F611ECF5}.Debug|Any CPU.ActiveCfg = Debug|Any CPU
		{646E03C9-E98B-46C7-AE97-C7B5F611ECF5}.Debug|Any CPU.Build.0 = Debug|Any CPU
		{646E03C9-E98B-46C7-AE97-C7B5F611ECF5}.Release|Any CPU.ActiveCfg = Release|Any CPU
		{646E03C9-E98B-46C7-AE97-C7B5F611ECF5}.Release|Any CPU.Build.0 = Release|Any CPU
		{898E5727-F910-456C-878B-23783DF089D7}.Debug|Any CPU.ActiveCfg = Debug|Any CPU
		{898E5727-F910-456C-878B-23783DF089D7}.Debug|Any CPU.Build.0 = Debug|Any CPU
		{898E5727-F910-456C-878B-23783DF089D7}.Release|Any CPU.ActiveCfg = Release|Any CPU
		{898E5727-F910-456C-878B-23783DF089D7}.Release|Any CPU.Build.0 = Release|Any CPU
	EndGlobalSection
	GlobalSection(SolutionProperties) = preSolution
		HideSolutionNode = FALSE
	EndGlobalSection
	GlobalSection(NestedProjects) = preSolution
		{898E5727-F910-456C-878B-23783DF089D7} = {A70AB88B-8316-41C3-8636-320A4B39A5A6}
	EndGlobalSection
	GlobalSection(ExtensibilityGlobals) = postSolution
		SolutionGuid = {62750CD9-092C-401E-9FE0-EE5082D6855E}
	EndGlobalSection
EndGlobal
